"file","sha256"
"FNDDS_2017-2018_FoodsBeverages.xlsx","c1c5c25ad0f58c1823990e09ca09d2c690aa70beb8f6d51d7e2fac8a010c3250"
"FNDDS_2019-2020_FoodsBeverages.xlsx","782012f0466093bd090c6b34d7f323e01421850b89a2695c99aa2bc53df127a6"
"FPED_1720.xls","15e91a1059d74a861a507d80e4eed7bd9b97fa9239ad9350be6e52ae9751b94c"
"P_ALQ.xpt","feb3f25e06c6a3627d5699523d26e2ff82a4767109b15665e9eae93b3b38e722"
"P_BIOPRO.xpt","f242cb9f9da5787f77d81ffb02822350e01cea4adf072d23bc96eb008182010c"
"P_BMX.xpt","7038d0da3169420a4a3cbaec09ac586a701b38e1c7b925431b60e13ac24fed66"
"P_BPQ.xpt","88af3557dd185cee2533c94c5302b361e89a54eb50754704f35d4e8120868c02"
"P_BPXO.xpt","5edbcb81e99fe8dad38deb8b642570278b200c525d88ffa29ae3ceb4dd38bde4"
"P_DBQ.xpt","8753424c826ed41bff5525b91398ae52669707f4719c43ca01ce048b7892cca5"
"P_DEMO.xpt","2e46c6c26bf77cd8989f64011ace12cbf42c0f3e03414eb59acc5328c8f87913"
"P_DIQ.xpt","79153f799fc2171792771c4aa250029c62807f14915f1f81405b03233b1e5ae3"
"P_DR1IFF.xpt","264a4dfd66455f106a8ac25a745ebb4e065564b049b45000a5f9c44296d48dec"
"P_DR1TOT.xpt","02cf0fcb15cdef9442594747a6699c43a65fd280f0f807e82ca0b888b0d97b5e"
"P_DR2IFF.xpt","6f5807d841fb9e183ba5ad6a9e0ebcef534f96c4ffb8e59afd01293dc7cf55e0"
"P_DR2TOT.xpt","2013d36582131ffc810bb025e11c8a0c6533b5e59197ad2aa76f4d52db81bb5a"
"P_DSQTOT.xpt","777f5f4681c887c6cc0caae9130cda317794050cdd3d11f6545207276ed75138"
"P_GHB.xpt","dac9e423f56041c2ec46486cb16be16d3347e0a81a575985882ffad5a60e1195"
"P_GLU.xpt","91b83c46fb4707c431838159135e93693a0572bce54074f5a890f0ee104732b3"
"P_HDL.xpt","04a344f00fe34b3dc4202ee9e47cf61e67d1f985d7c9ece228e25caa85c7fbd7"
"P_HSCRP.xpt","e6954d17afa70755c26004bda6d4f0b256a5f30b0620cb70fdd6f520147218e1"
"P_INS.xpt","00b2cebd564df7038451d297df1a1d11e8e69a9443eee16770c24cc2ce3471da"
"P_MCQ.xpt","1de8e4e184ed375fddc053dbb5b82db13ee55e4d4d0ae12da9e407537230125c"
"P_PAQ.xpt","d0e13cebf96181949e983ab58d14c58689e801e8711d366d2b5daab3c7b9ee65"
"P_RXQ_RX.xpt","0ee30345ccfee5ce0ff55e51fca4dec7389d3a8e985c59485d13400e9ec2ee2e"
"P_SMQ.xpt","29b7f6c59ab570c042c866312f0eb4329009e85fadbda6f9427a8bf31ecb3a3f"
"P_TCHOL.xpt","759cd9c408b5d1b91f6cfb5d5e67920a301f7478c0e90ce7adf4bbd277a45ac8"
"P_TRIGLY.xpt","d3eb2df386f24a559ae4db992f0ec9aaf3d2c0caec173aa1921e78100ee88b31"
"P_WHQ.xpt","aa7085172b874231faa710b1d611c38e4c9bcae4a4bd21cfc428b787f5ea51dd"
